
Microsoft Visual Studio Solution File, Format Version 12.00
# Visual Studio Version 16
VisualStudioVersion = 16.0.30413.136
MinimumVisualStudioVersion = 10.0.40219.1
Project("{FAE04EC0-301F-11D3-BF4B-00C04F79EFBC}") = "BookstoreMVC5", "BookstoreMVC5\BookstoreMVC5.csproj", "{205C3A6A-57B2-48F8-9921-43738E9DB63E}"
EndProject
Global
	GlobalSection(SolutionConfigurationPlatforms) = preSolution
		Debug|Any CPU = Debug|Any CPU
		Release|Any CPU = Release|Any CPU
	EndGlobalSection
	GlobalSection(ProjectConfigurationPlatforms) = postSolution
		{205C3A6A-57B2-48F8-9921-43738E9DB63E}.Debug|Any CPU.ActiveCfg = Debug|Any CPU
		{205C3A6A-57B2-48F8-9921-43738E9DB63E}.Debug|Any CPU.Build.0 = Debug|Any CPU
		{205C3A6A-57B2-48F8-9921-43738E9DB63E}.Release|Any CPU.ActiveCfg = Release|Any CPU
		{205C3A6A-57B2-48F8-9921-43738E9DB63E}.Release|Any CPU.Build.0 = Release|Any CPU
	EndGlobalSection
	GlobalSection(SolutionProperties) = preSolution
		HideSolutionNode = FALSE
	EndGlobalSection
	GlobalSection(ExtensibilityGlobals) = postSolution
		SolutionGuid = {1A6D2DF3-AA45-48E4-86B9-D4861E0625B0}
	EndGlobalSection
EndGlobal
